
Microsoft Visual Studio Solution File, Format Version 12.00
# Visual Studio Version 17
VisualStudioVersion = 17.11.35303.130
MinimumVisualStudioVersion = 10.0.40219.1
Project("{2150E333-8FDC-42A3-9474-1A3956D46DE8}") = "ApiGateways", "ApiGateways", "{3123DF8F-D463-4D40-AB66-5E231D79C78A}"
EndProject
Project("{2150E333-8FDC-42A3-9474-1A3956D46DE8}") = "Services", "Services", "{303FA2B1-2AB0-44EC-90C7-CDD6EA2E42C9}"
EndProject
Project("{2150E333-8FDC-42A3-9474-1A3956D46DE8}") = "BuildingBlocks", "BuildingBlocks", "{C4DDF472-11DB-4580-871E-2FB80CFF6A2F}"
EndProject
Project("{2150E333-8FDC-42A3-9474-1A3956D46DE8}") = "WebApps", "WebApps", "{87275828-76DC-4A9E-8413-1093B1B3E198}"
EndProject
Project("{2150E333-8FDC-42A3-9474-1A3956D46DE8}") = "Basket", "Basket", "{5B83702A-6D4B-4B03-AE7F-BFB9259A5F98}"
EndProject
Project("{2150E333-8FDC-42A3-9474-1A3956D46DE8}") = "Catalogue", "Catalogue", "{C59E17CE-05BF-4C68-9B69-4DC87D01BEDB}"
EndProject
Project("{2150E333-8FDC-42A3-9474-1A3956D46DE8}") = "Ordering", "Ordering", "{BB207092-B02C-47A3-8B2A-4B7A654E54FC}"
EndProject
Project("{2150E333-8FDC-42A3-9474-1A3956D46DE8}") = "Discount", "Discount", "{3AC1CD86-F71E-4BBC-933E-8D5ABDB8A5E7}"
EndProject
Project("{9A19103F-16F7-4668-BE54-9A1E7A4F7556}") = "Catalogue.API", "Services\Catalogue\Catalogue.API\Catalogue.API.csproj", "{177F9828-EFC5-486F-B12B-B0F954DDCC84}"
EndProject
Project("{9A19103F-16F7-4668-BE54-9A1E7A4F7556}") = "BuildingBlocks", "BuildingBlocks\BuildingBlocks.csproj", "{94A10899-40F4-4374-BDAF-C7B7EC6F8302}"
EndProject
Project("{E53339B2-1760-4266-BCC7-CA923CBCF16C}") = "docker-compose", "docker-compose.dcproj", "{4D68D354-5C07-475C-AAD5-62DFA95C10C2}"
EndProject
Project("{FAE04EC0-301F-11D3-BF4B-00C04F79EFBC}") = "Basket.API", "Services\Basket\Basket.API\Basket.API.csproj", "{A025B58A-2AE7-4E50-9908-1956D41486A6}"
EndProject
Global
	GlobalSection(SolutionConfigurationPlatforms) = preSolution
		Debug|Any CPU = Debug|Any CPU
		Release|Any CPU = Release|Any CPU
	EndGlobalSection
	GlobalSection(ProjectConfigurationPlatforms) = postSolution
		{177F9828-EFC5-486F-B12B-B0F954DDCC84}.Debug|Any CPU.ActiveCfg = Debug|Any CPU
		{177F9828-EFC5-486F-B12B-B0F954DDCC84}.Debug|Any CPU.Build.0 = Debug|Any CPU
		{177F9828-EFC5-486F-B12B-B0F954DDCC84}.Release|Any CPU.ActiveCfg = Release|Any CPU
		{177F9828-EFC5-486F-B12B-B0F954DDCC84}.Release|Any CPU.Build.0 = Release|Any CPU
		{94A10899-40F4-4374-BDAF-C7B7EC6F8302}.Debug|Any CPU.ActiveCfg = Debug|Any CPU
		{94A10899-40F4-4374-BDAF-C7B7EC6F8302}.Debug|Any CPU.Build.0 = Debug|Any CPU
		{94A10899-40F4-4374-BDAF-C7B7EC6F8302}.Release|Any CPU.ActiveCfg = Release|Any CPU
		{94A10899-40F4-4374-BDAF-C7B7EC6F8302}.Release|Any CPU.Build.0 = Release|Any CPU
		{4D68D354-5C07-475C-AAD5-62DFA95C10C2}.Debug|Any CPU.ActiveCfg = Debug|Any CPU
		{4D68D354-5C07-475C-AAD5-62DFA95C10C2}.Debug|Any CPU.Build.0 = Debug|Any CPU
		{4D68D354-5C07-475C-AAD5-62DFA95C10C2}.Release|Any CPU.ActiveCfg = Release|Any CPU
		{4D68D354-5C07-475C-AAD5-62DFA95C10C2}.Release|Any CPU.Build.0 = Release|Any CPU
		{A025B58A-2AE7-4E50-9908-1956D41486A6}.Debug|Any CPU.ActiveCfg = Debug|Any CPU
		{A025B58A-2AE7-4E50-9908-1956D41486A6}.Debug|Any CPU.Build.0 = Debug|Any CPU
		{A025B58A-2AE7-4E50-9908-1956D41486A6}.Release|Any CPU.ActiveCfg = Release|Any CPU
		{A025B58A-2AE7-4E50-9908-1956D41486A6}.Release|Any CPU.Build.0 = Release|Any CPU
	EndGlobalSection
	GlobalSection(SolutionProperties) = preSolution
		HideSolutionNode = FALSE
	EndGlobalSection
	GlobalSection(NestedProjects) = preSolution
		{5B83702A-6D4B-4B03-AE7F-BFB9259A5F98} = {303FA2B1-2AB0-44EC-90C7-CDD6EA2E42C9}
		{C59E17CE-05BF-4C68-9B69-4DC87D01BEDB} = {303FA2B1-2AB0-44EC-90C7-CDD6EA2E42C9}
		{BB207092-B02C-47A3-8B2A-4B7A654E54FC} = {303FA2B1-2AB0-44EC-90C7-CDD6EA2E42C9}
		{3AC1CD86-F71E-4BBC-933E-8D5ABDB8A5E7} = {303FA2B1-2AB0-44EC-90C7-CDD6EA2E42C9}
		{177F9828-EFC5-486F-B12B-B0F954DDCC84} = {C59E17CE-05BF-4C68-9B69-4DC87D01BEDB}
		{94A10899-40F4-4374-BDAF-C7B7EC6F8302} = {C4DDF472-11DB-4580-871E-2FB80CFF6A2F}
		{A025B58A-2AE7-4E50-9908-1956D41486A6} = {5B83702A-6D4B-4B03-AE7F-BFB9259A5F98}
	EndGlobalSection
	GlobalSection(ExtensibilityGlobals) = postSolution
		SolutionGuid = {B56BC0CB-284D-497D-AB1D-BB4549FE52D0}
	EndGlobalSection
EndGlobal
