
Microsoft Visual Studio Solution File, Format Version 12.00
# Visual Studio Version 17
VisualStudioVersion = 17.11.35303.130
MinimumVisualStudioVersion = 10.0.40219.1
Project("{2150E333-8FDC-42A3-9474-1A3956D46DE8}") = "ApiGateways", "ApiGateways", "{3123DF8F-D463-4D40-AB66-5E231D79C78A}"
EndProject
Project("{2150E333-8FDC-42A3-9474-1A3956D46DE8}") = "Services", "Services", "{303FA2B1-2AB0-44EC-90C7-CDD6EA2E42C9}"
EndProject
Project("{2150E333-8FDC-42A3-9474-1A3956D46DE8}") = "Common", "Common", "{C4DDF472-11DB-4580-871E-2FB80CFF6A2F}"
EndProject
Project("{2150E333-8FDC-42A3-9474-1A3956D46DE8}") = "WebApps", "WebApps", "{87275828-76DC-4A9E-8413-1093B1B3E198}"
EndProject
Project("{2150E333-8FDC-42A3-9474-1A3956D46DE8}") = "Ordering", "Ordering", "{BB207092-B02C-47A3-8B2A-4B7A654E54FC}"
EndProject
Project("{2150E333-8FDC-42A3-9474-1A3956D46DE8}") = "Discount", "Discount", "{3AC1CD86-F71E-4BBC-933E-8D5ABDB8A5E7}"
EndProject
Project("{E53339B2-1760-4266-BCC7-CA923CBCF16C}") = "docker-compose", "docker-compose.dcproj", "{4D68D354-5C07-475C-AAD5-62DFA95C10C2}"
EndProject
Project("{9A19103F-16F7-4668-BE54-9A1E7A4F7556}") = "Common", "Common\Common.csproj", "{7A431B7A-32EF-4C49-B67F-69CA658E3A9E}"
EndProject
Project("{9A19103F-16F7-4668-BE54-9A1E7A4F7556}") = "Common.Messaging", "Common\Common.Messaging\Common.Messaging.csproj", "{966E0C54-665E-4DBB-8267-A589F987F496}"
EndProject
Project("{9A19103F-16F7-4668-BE54-9A1E7A4F7556}") = "Basket.API", "Services\Basket.API\Basket.API.csproj", "{8457C0A4-4D1E-411B-B723-2AE206491ECD}"
EndProject
Project("{9A19103F-16F7-4668-BE54-9A1E7A4F7556}") = "Catalogue.API", "Services\Catalogue.API\Catalogue.API.csproj", "{5E9925C1-A4AD-4126-8019-ADDC7B97F170}"
EndProject
Project("{FAE04EC0-301F-11D3-BF4B-00C04F79EFBC}") = "Discount.Grpc", "Services\Discount.Grpc\Discount.Grpc.csproj", "{12DA7FC7-B290-4CB4-958A-A3D44555F4AC}"
EndProject
Global
	GlobalSection(SolutionConfigurationPlatforms) = preSolution
		Debug|Any CPU = Debug|Any CPU
		Release|Any CPU = Release|Any CPU
	EndGlobalSection
	GlobalSection(ProjectConfigurationPlatforms) = postSolution
		{4D68D354-5C07-475C-AAD5-62DFA95C10C2}.Debug|Any CPU.ActiveCfg = Debug|Any CPU
		{4D68D354-5C07-475C-AAD5-62DFA95C10C2}.Debug|Any CPU.Build.0 = Debug|Any CPU
		{4D68D354-5C07-475C-AAD5-62DFA95C10C2}.Release|Any CPU.ActiveCfg = Release|Any CPU
		{4D68D354-5C07-475C-AAD5-62DFA95C10C2}.Release|Any CPU.Build.0 = Release|Any CPU
		{7A431B7A-32EF-4C49-B67F-69CA658E3A9E}.Debug|Any CPU.ActiveCfg = Debug|Any CPU
		{7A431B7A-32EF-4C49-B67F-69CA658E3A9E}.Debug|Any CPU.Build.0 = Debug|Any CPU
		{7A431B7A-32EF-4C49-B67F-69CA658E3A9E}.Release|Any CPU.ActiveCfg = Release|Any CPU
		{7A431B7A-32EF-4C49-B67F-69CA658E3A9E}.Release|Any CPU.Build.0 = Release|Any CPU
		{966E0C54-665E-4DBB-8267-A589F987F496}.Debug|Any CPU.ActiveCfg = Debug|Any CPU
		{966E0C54-665E-4DBB-8267-A589F987F496}.Debug|Any CPU.Build.0 = Debug|Any CPU
		{966E0C54-665E-4DBB-8267-A589F987F496}.Release|Any CPU.ActiveCfg = Release|Any CPU
		{966E0C54-665E-4DBB-8267-A589F987F496}.Release|Any CPU.Build.0 = Release|Any CPU
		{8457C0A4-4D1E-411B-B723-2AE206491ECD}.Debug|Any CPU.ActiveCfg = Debug|Any CPU
		{8457C0A4-4D1E-411B-B723-2AE206491ECD}.Debug|Any CPU.Build.0 = Debug|Any CPU
		{8457C0A4-4D1E-411B-B723-2AE206491ECD}.Release|Any CPU.ActiveCfg = Release|Any CPU
		{8457C0A4-4D1E-411B-B723-2AE206491ECD}.Release|Any CPU.Build.0 = Release|Any CPU
		{5E9925C1-A4AD-4126-8019-ADDC7B97F170}.Debug|Any CPU.ActiveCfg = Debug|Any CPU
		{5E9925C1-A4AD-4126-8019-ADDC7B97F170}.Debug|Any CPU.Build.0 = Debug|Any CPU
		{5E9925C1-A4AD-4126-8019-ADDC7B97F170}.Release|Any CPU.ActiveCfg = Release|Any CPU
		{5E9925C1-A4AD-4126-8019-ADDC7B97F170}.Release|Any CPU.Build.0 = Release|Any CPU
		{12DA7FC7-B290-4CB4-958A-A3D44555F4AC}.Debug|Any CPU.ActiveCfg = Debug|Any CPU
		{12DA7FC7-B290-4CB4-958A-A3D44555F4AC}.Debug|Any CPU.Build.0 = Debug|Any CPU
		{12DA7FC7-B290-4CB4-958A-A3D44555F4AC}.Release|Any CPU.ActiveCfg = Release|Any CPU
		{12DA7FC7-B290-4CB4-958A-A3D44555F4AC}.Release|Any CPU.Build.0 = Release|Any CPU
	EndGlobalSection
	GlobalSection(SolutionProperties) = preSolution
		HideSolutionNode = FALSE
	EndGlobalSection
	GlobalSection(NestedProjects) = preSolution
		{BB207092-B02C-47A3-8B2A-4B7A654E54FC} = {303FA2B1-2AB0-44EC-90C7-CDD6EA2E42C9}
		{3AC1CD86-F71E-4BBC-933E-8D5ABDB8A5E7} = {303FA2B1-2AB0-44EC-90C7-CDD6EA2E42C9}
		{7A431B7A-32EF-4C49-B67F-69CA658E3A9E} = {C4DDF472-11DB-4580-871E-2FB80CFF6A2F}
		{966E0C54-665E-4DBB-8267-A589F987F496} = {C4DDF472-11DB-4580-871E-2FB80CFF6A2F}
		{8457C0A4-4D1E-411B-B723-2AE206491ECD} = {303FA2B1-2AB0-44EC-90C7-CDD6EA2E42C9}
		{5E9925C1-A4AD-4126-8019-ADDC7B97F170} = {303FA2B1-2AB0-44EC-90C7-CDD6EA2E42C9}
		{12DA7FC7-B290-4CB4-958A-A3D44555F4AC} = {303FA2B1-2AB0-44EC-90C7-CDD6EA2E42C9}
	EndGlobalSection
	GlobalSection(ExtensibilityGlobals) = postSolution
		SolutionGuid = {B56BC0CB-284D-497D-AB1D-BB4549FE52D0}
	EndGlobalSection
EndGlobal
